
Microsoft Visual Studio Solution File, Format Version 12.00
# Visual Studio 15
VisualStudioVersion = 15.0.27130.2027
MinimumVisualStudioVersion = 10.0.40219.1
Project("{FAE04EC0-301F-11D3-BF4B-00C04F79EFBC}") = "HtmlParser", "HtmlParser\HtmlParser.csproj", "{DDD802CB-3EB4-4425-A325-1075483F4673}"
EndProject
Project("{FAE04EC0-301F-11D3-BF4B-00C04F79EFBC}") = "GraphicalUserInterface", "GraphicalUserInterface\GraphicalUserInterface.csproj", "{5704B009-A57C-4A74-A69F-A9585CA3D1B2}"
EndProject
Project("{FAE04EC0-301F-11D3-BF4B-00C04F79EFBC}") = "DataAccess", "DataAccess\DataAccess.csproj", "{4269A3D5-AA6A-4971-A576-04E6C9D8934D}"
EndProject
Project("{FAE04EC0-301F-11D3-BF4B-00C04F79EFBC}") = "CrawlerWorkTests", "CrawlerWorkTests\CrawlerWorkTests.csproj", "{FC5E6A60-7CAB-4CBD-95C9-50E8B4059DF9}"
EndProject
Global
	GlobalSection(SolutionConfigurationPlatforms) = preSolution
		Debug|Any CPU = Debug|Any CPU
		Release|Any CPU = Release|Any CPU
	EndGlobalSection
	GlobalSection(ProjectConfigurationPlatforms) = postSolution
		{DDD802CB-3EB4-4425-A325-1075483F4673}.Debug|Any CPU.ActiveCfg = Debug|Any CPU
		{DDD802CB-3EB4-4425-A325-1075483F4673}.Debug|Any CPU.Build.0 = Debug|Any CPU
		{DDD802CB-3EB4-4425-A325-1075483F4673}.Release|Any CPU.ActiveCfg = Release|Any CPU
		{DDD802CB-3EB4-4425-A325-1075483F4673}.Release|Any CPU.Build.0 = Release|Any CPU
		{5704B009-A57C-4A74-A69F-A9585CA3D1B2}.Debug|Any CPU.ActiveCfg = Debug|Any CPU
		{5704B009-A57C-4A74-A69F-A9585CA3D1B2}.Debug|Any CPU.Build.0 = Debug|Any CPU
		{5704B009-A57C-4A74-A69F-A9585CA3D1B2}.Release|Any CPU.ActiveCfg = Release|Any CPU
		{5704B009-A57C-4A74-A69F-A9585CA3D1B2}.Release|Any CPU.Build.0 = Release|Any CPU
		{4269A3D5-AA6A-4971-A576-04E6C9D8934D}.Debug|Any CPU.ActiveCfg = Debug|Any CPU
		{4269A3D5-AA6A-4971-A576-04E6C9D8934D}.Debug|Any CPU.Build.0 = Debug|Any CPU
		{4269A3D5-AA6A-4971-A576-04E6C9D8934D}.Release|Any CPU.ActiveCfg = Release|Any CPU
		{4269A3D5-AA6A-4971-A576-04E6C9D8934D}.Release|Any CPU.Build.0 = Release|Any CPU
		{FC5E6A60-7CAB-4CBD-95C9-50E8B4059DF9}.Debug|Any CPU.ActiveCfg = Debug|Any CPU
		{FC5E6A60-7CAB-4CBD-95C9-50E8B4059DF9}.Debug|Any CPU.Build.0 = Debug|Any CPU
		{FC5E6A60-7CAB-4CBD-95C9-50E8B4059DF9}.Release|Any CPU.ActiveCfg = Release|Any CPU
		{FC5E6A60-7CAB-4CBD-95C9-50E8B4059DF9}.Release|Any CPU.Build.0 = Release|Any CPU
	EndGlobalSection
	GlobalSection(SolutionProperties) = preSolution
		HideSolutionNode = FALSE
	EndGlobalSection
	GlobalSection(ExtensibilityGlobals) = postSolution
		SolutionGuid = {703D5321-39A5-44D8-B197-0E0802C67927}
	EndGlobalSection
EndGlobal
